
Microsoft Visual Studio Solution File, Format Version 12.00
# Visual Studio Version 16
VisualStudioVersion = 16.0.30907.101
MinimumVisualStudioVersion = 10.0.40219.1
Project("{9A19103F-16F7-4668-BE54-9A1E7A4F7556}") = "Vega", "Vega.csproj", "{ADAD4EC1-7EBB-4B9A-961E-2FE260707085}"
EndProject
Global
	GlobalSection(SolutionConfigurationPlatforms) = preSolution
		Debug|Any CPU = Debug|Any CPU
		Release|Any CPU = Release|Any CPU
	EndGlobalSection
	GlobalSection(ProjectConfigurationPlatforms) = postSolution
		{ADAD4EC1-7EBB-4B9A-961E-2FE260707085}.Debug|Any CPU.ActiveCfg = Debug|Any CPU
		{ADAD4EC1-7EBB-4B9A-961E-2FE260707085}.Debug|Any CPU.Build.0 = Debug|Any CPU
		{ADAD4EC1-7EBB-4B9A-961E-2FE260707085}.Release|Any CPU.ActiveCfg = Release|Any CPU
		{ADAD4EC1-7EBB-4B9A-961E-2FE260707085}.Release|Any CPU.Build.0 = Release|Any CPU
	EndGlobalSection
	GlobalSection(SolutionProperties) = preSolution
		HideSolutionNode = FALSE
	EndGlobalSection
	GlobalSection(ExtensibilityGlobals) = postSolution
		SolutionGuid = {C6F9531E-48FE-43DA-A99F-1B9EFD24B990}
	EndGlobalSection
EndGlobal
